
Microsoft Visual Studio Solution File, Format Version 12.00
Project("{FAE04EC0-301F-11D3-BF4B-00C04F79EFBC}") = "GoLive.UrlSigner", "GoLive.UrlSigner\GoLive.UrlSigner.csproj", "{57C606C8-7544-42BC-AA33-E352BE464A82}"
EndProject
Project("{FAE04EC0-301F-11D3-BF4B-00C04F79EFBC}") = "GoLive.UrlSigner.Tests", "GoLive.UrlSigner.Tests\GoLive.UrlSigner.Tests.csproj", "{29135549-1240-4C4D-8D63-76A8A2F9063E}"
EndProject
Global
	GlobalSection(SolutionConfigurationPlatforms) = preSolution
		Debug|Any CPU = Debug|Any CPU
		Release|Any CPU = Release|Any CPU
	EndGlobalSection
	GlobalSection(ProjectConfigurationPlatforms) = postSolution
		{57C606C8-7544-42BC-AA33-E352BE464A82}.Debug|Any CPU.ActiveCfg = Debug|Any CPU
		{57C606C8-7544-42BC-AA33-E352BE464A82}.Debug|Any CPU.Build.0 = Debug|Any CPU
		{57C606C8-7544-42BC-AA33-E352BE464A82}.Release|Any CPU.ActiveCfg = Release|Any CPU
		{57C606C8-7544-42BC-AA33-E352BE464A82}.Release|Any CPU.Build.0 = Release|Any CPU
		{29135549-1240-4C4D-8D63-76A8A2F9063E}.Debug|Any CPU.ActiveCfg = Debug|Any CPU
		{29135549-1240-4C4D-8D63-76A8A2F9063E}.Debug|Any CPU.Build.0 = Debug|Any CPU
		{29135549-1240-4C4D-8D63-76A8A2F9063E}.Release|Any CPU.ActiveCfg = Release|Any CPU
		{29135549-1240-4C4D-8D63-76A8A2F9063E}.Release|Any CPU.Build.0 = Release|Any CPU
	EndGlobalSection
EndGlobal
